# generated by rye
# use `rye lock` or `rye sync` to update this lockfile
-e file:.
importlib-metadata==6.6.0
iniconfig==2.0.0
linkify-it-py==2.0.2
markdown-it-py==2.2.0
mdit-py-plugins==0.3.5
mdurl==0.1.2
mypy==1.2.0
mypy-extensions==1.0.0
packaging==23.1
pluggy==1.0.0
pygments==2.15.1
pytest==7.3.1
rich==13.3.5
ruff==0.0.265
textual==0.24.1
typing-extensions==4.5.0
uc-micro-py==1.0.2
zipp==3.15.0
